
Microsoft Visual Studio Solution File, Format Version 12.00
# Visual Studio Version 17
VisualStudioVersion = 17.6.33723.286
MinimumVisualStudioVersion = 10.0.40219.1
Project("{FAE04EC0-301F-11D3-BF4B-00C04F79EFBC}") = "BCPT", "BCPT.csproj", "{DE1F5FEA-8B2F-4967-A059-E10EE373AE25}"
EndProject
Global
	GlobalSection(SolutionConfigurationPlatforms) = preSolution
		Debug|Any CPU = Debug|Any CPU
		Release|Any CPU = Release|Any CPU
	EndGlobalSection
	GlobalSection(ProjectConfigurationPlatforms) = postSolution
		{DE1F5FEA-8B2F-4967-A059-E10EE373AE25}.Debug|Any CPU.ActiveCfg = Debug|Any CPU
		{DE1F5FEA-8B2F-4967-A059-E10EE373AE25}.Debug|Any CPU.Build.0 = Debug|Any CPU
		{DE1F5FEA-8B2F-4967-A059-E10EE373AE25}.Release|Any CPU.ActiveCfg = Release|Any CPU
		{DE1F5FEA-8B2F-4967-A059-E10EE373AE25}.Release|Any CPU.Build.0 = Release|Any CPU
	EndGlobalSection
	GlobalSection(SolutionProperties) = preSolution
		HideSolutionNode = FALSE
	EndGlobalSection
	GlobalSection(ExtensibilityGlobals) = postSolution
		SolutionGuid = {27817F87-6FB2-4F1A-B719-02B99475D053}
	EndGlobalSection
EndGlobal
